
Microsoft Visual Studio Solution File, Format Version 12.00
# Visual Studio Version 16
VisualStudioVersion = 16.0.31613.86
MinimumVisualStudioVersion = 10.0.40219.1
Project("{FAE04EC0-301F-11D3-BF4B-00C04F79EFBC}") = "Guia2", "Guia2.csproj", "{39CA551F-0CEF-47BD-B80C-65A0CE725BBD}"
EndProject
Global
	GlobalSection(SolutionConfigurationPlatforms) = preSolution
		Debug|Any CPU = Debug|Any CPU
		Release|Any CPU = Release|Any CPU
	EndGlobalSection
	GlobalSection(ProjectConfigurationPlatforms) = postSolution
		{39CA551F-0CEF-47BD-B80C-65A0CE725BBD}.Debug|Any CPU.ActiveCfg = Debug|Any CPU
		{39CA551F-0CEF-47BD-B80C-65A0CE725BBD}.Debug|Any CPU.Build.0 = Debug|Any CPU
		{39CA551F-0CEF-47BD-B80C-65A0CE725BBD}.Release|Any CPU.ActiveCfg = Release|Any CPU
		{39CA551F-0CEF-47BD-B80C-65A0CE725BBD}.Release|Any CPU.Build.0 = Release|Any CPU
	EndGlobalSection
	GlobalSection(SolutionProperties) = preSolution
		HideSolutionNode = FALSE
	EndGlobalSection
	GlobalSection(ExtensibilityGlobals) = postSolution
		SolutionGuid = {57AAAAD5-B0D5-444C-BA32-A98775FD43DD}
	EndGlobalSection
EndGlobal
